
Microsoft Visual Studio Solution File, Format Version 12.00
# Visual Studio Version 16
VisualStudioVersion = 16.0.31911.196
MinimumVisualStudioVersion = 10.0.40219.1
Project("{FAE04EC0-301F-11D3-BF4B-00C04F79EFBC}") = "Randevu", "Randevu\Randevu.csproj", "{C65F7CEB-B134-4192-9772-853FFCF2976C}"
EndProject
Global
	GlobalSection(SolutionConfigurationPlatforms) = preSolution
		Debug|Any CPU = Debug|Any CPU
		Release|Any CPU = Release|Any CPU
	EndGlobalSection
	GlobalSection(ProjectConfigurationPlatforms) = postSolution
		{C65F7CEB-B134-4192-9772-853FFCF2976C}.Debug|Any CPU.ActiveCfg = Debug|Any CPU
		{C65F7CEB-B134-4192-9772-853FFCF2976C}.Debug|Any CPU.Build.0 = Debug|Any CPU
		{C65F7CEB-B134-4192-9772-853FFCF2976C}.Release|Any CPU.ActiveCfg = Release|Any CPU
		{C65F7CEB-B134-4192-9772-853FFCF2976C}.Release|Any CPU.Build.0 = Release|Any CPU
	EndGlobalSection
	GlobalSection(SolutionProperties) = preSolution
		HideSolutionNode = FALSE
	EndGlobalSection
	GlobalSection(ExtensibilityGlobals) = postSolution
		SolutionGuid = {C5489F2E-5196-4A15-AC9D-367F3DB2739B}
	EndGlobalSection
EndGlobal
